// !$*UTF8*$!
{
	archiveVersion = 1;
	classes = {
	};
	objectVersion = 48;
	objects = {

/* Begin PBXBuildFile section */
		8938BDD91FB07DBE00A6D4FB /* AppDelegate.swift in Sources */ = {isa = PBXBuildFile; fileRef = 8938BDD81FB07DBE00A6D4FB /* AppDelegate.swift */; };
		8938BDDB1FB07DBE00A6D4FB /* MainViewController.swift in Sources */ = {isa = PBXBuildFile; fileRef = 8938BDDA1FB07DBE00A6D4FB /* MainViewController.swift */; };
		8938BDDE1FB07DBE00A6D4FB /* Main.storyboard in Resources */ = {isa = PBXBuildFile; fileRef = 8938BDDC1FB07DBE00A6D4FB /* Main.storyboard */; };
		8938BDE01FB07DBE00A6D4FB /* Assets.xcassets in Resources */ = {isa = PBXBuildFile; fileRef = 8938BDDF1FB07DBE00A6D4FB /* Assets.xcassets */; };
		8938BDE31FB07DBE00A6D4FB /* LaunchScreen.storyboard in Resources */ = {isa = PBXBuildFile; fileRef = 8938BDE11FB07DBE00A6D4FB /* LaunchScreen.storyboard */; };
		896924911FCC2257004A91AC /* CrimeList.swift in Sources */ = {isa = PBXBuildFile; fileRef = 896924901FCC2257004A91AC /* CrimeList.swift */; };
		896924931FCC22B8004A91AC /* CrimeMap.swift in Sources */ = {isa = PBXBuildFile; fileRef = 896924921FCC22B8004A91AC /* CrimeMap.swift */; };
		896924951FCC22D2004A91AC /* ReportCrime.swift in Sources */ = {isa = PBXBuildFile; fileRef = 896924941FCC22D2004A91AC /* ReportCrime.swift */; };
		897FD3C71FF19DB4007B6FED /* CrimeInstanceView.swift in Sources */ = {isa = PBXBuildFile; fileRef = 897FD3C61FF19DB4007B6FED /* CrimeInstanceView.swift */; };
		89B599801FD13874009133B9 /* APIData.swift in Sources */ = {isa = PBXBuildFile; fileRef = 89B5997F1FD13874009133B9 /* APIData.swift */; };
		89B599821FD13C61009133B9 /* MenuViewController.swift in Sources */ = {isa = PBXBuildFile; fileRef = 89B599811FD13C61009133B9 /* MenuViewController.swift */; };
		89E172CB1FF0C8C900605539 /* Model.swift in Sources */ = {isa = PBXBuildFile; fileRef = 89E172CA1FF0C8C900605539 /* Model.swift */; };
/* End PBXBuildFile section */

/* Begin PBXFileReference section */
		8938BDD51FB07DBE00A6D4FB /* Crime Tracker.app */ = {isa = PBXFileReference; explicitFileType = wrapper.application; includeInIndex = 0; path = "Crime Tracker.app"; sourceTree = BUILT_PRODUCTS_DIR; };
		8938BDD81FB07DBE00A6D4FB /* AppDelegate.swift */ = {isa = PBXFileReference; lastKnownFileType = sourcecode.swift; path = AppDelegate.swift; sourceTree = "<group>"; };
		8938BDDA1FB07DBE00A6D4FB /* MainViewController.swift */ = {isa = PBXFileReference; lastKnownFileType = sourcecode.swift; path = MainViewController.swift; sourceTree = "<group>"; };
		8938BDDD1FB07DBE00A6D4FB /* Base */ = {isa = PBXFileReference; lastKnownFileType = file.storyboard; name = Base; path = Base.lproj/Main.storyboard; sourceTree = "<group>"; };
		8938BDDF1FB07DBE00A6D4FB /* Assets.xcassets */ = {isa = PBXFileReference; lastKnownFileType = folder.assetcatalog; path = Assets.xcassets; sourceTree = "<group>"; };
		8938BDE21FB07DBE00A6D4FB /* Base */ = {isa = PBXFileReference; lastKnownFileType = file.storyboard; name = Base; path = Base.lproj/LaunchScreen.storyboard; sourceTree = "<group>"; };
		8938BDE41FB07DBE00A6D4FB /* Info.plist */ = {isa = PBXFileReference; lastKnownFileType = text.plist.xml; path = Info.plist; sourceTree = "<group>"; };
		896924901FCC2257004A91AC /* CrimeList.swift */ = {isa = PBXFileReference; lastKnownFileType = sourcecode.swift; path = CrimeList.swift; sourceTree = "<group>"; };
		896924921FCC22B8004A91AC /* CrimeMap.swift */ = {isa = PBXFileReference; lastKnownFileType = sourcecode.swift; path = CrimeMap.swift; sourceTree = "<group>"; };
		896924941FCC22D2004A91AC /* ReportCrime.swift */ = {isa = PBXFileReference; lastKnownFileType = sourcecode.swift; path = ReportCrime.swift; sourceTree = "<group>"; };
		897FD3C61FF19DB4007B6FED /* CrimeInstanceView.swift */ = {isa = PBXFileReference; lastKnownFileType = sourcecode.swift; path = CrimeInstanceView.swift; sourceTree = "<group>"; };
		89B5997F1FD13874009133B9 /* APIData.swift */ = {isa = PBXFileReference; lastKnownFileType = sourcecode.swift; path = APIData.swift; sourceTree = "<group>"; };
		89B599811FD13C61009133B9 /* MenuViewController.swift */ = {isa = PBXFileReference; lastKnownFileType = sourcecode.swift; path = MenuViewController.swift; sourceTree = "<group>"; };
		89E172CA1FF0C8C900605539 /* Model.swift */ = {isa = PBXFileReference; lastKnownFileType = sourcecode.swift; path = Model.swift; sourceTree = "<group>"; };
/* End PBXFileReference section */

/* Begin PBXFrameworksBuildPhase section */
		8938BDD21FB07DBE00A6D4FB /* Frameworks */ = {
			isa = PBXFrameworksBuildPhase;
			buildActionMask = 2147483647;
			files = (
			);
			runOnlyForDeploymentPostprocessing = 0;
		};
/* End PBXFrameworksBuildPhase section */

/* Begin PBXGroup section */
		8938BDCC1FB07DBE00A6D4FB = {
			isa = PBXGroup;
			children = (
				8938BDD71FB07DBE00A6D4FB /* UI Practice */,
				8938BDD61FB07DBE00A6D4FB /* Products */,
			);
			sourceTree = "<group>";
		};
		8938BDD61FB07DBE00A6D4FB /* Products */ = {
			isa = PBXGroup;
			children = (
				8938BDD51FB07DBE00A6D4FB /* Crime Tracker.app */,
			);
			name = Products;
			sourceTree = "<group>";
		};
		8938BDD71FB07DBE00A6D4FB /* UI Practice */ = {
			isa = PBXGroup;
			children = (
				8938BDD81FB07DBE00A6D4FB /* AppDelegate.swift */,
				8938BDDA1FB07DBE00A6D4FB /* MainViewController.swift */,
				89E172CA1FF0C8C900605539 /* Model.swift */,
				89B5997F1FD13874009133B9 /* APIData.swift */,
				89B599811FD13C61009133B9 /* MenuViewController.swift */,
				896924901FCC2257004A91AC /* CrimeList.swift */,
				897FD3C61FF19DB4007B6FED /* CrimeInstanceView.swift */,
				896924921FCC22B8004A91AC /* CrimeMap.swift */,
				896924941FCC22D2004A91AC /* ReportCrime.swift */,
				8938BDDC1FB07DBE00A6D4FB /* Main.storyboard */,
				8938BDDF1FB07DBE00A6D4FB /* Assets.xcassets */,
				8938BDE11FB07DBE00A6D4FB /* LaunchScreen.storyboard */,
				8938BDE41FB07DBE00A6D4FB /* Info.plist */,
			);
			path = "UI Practice";
			sourceTree = "<group>";
		};
/* End PBXGroup section */

/* Begin PBXNativeTarget section */
		8938BDD41FB07DBE00A6D4FB /* Crime Tracker */ = {
			isa = PBXNativeTarget;
			buildConfigurationList = 8938BDE71FB07DBE00A6D4FB /* Build configuration list for PBXNativeTarget "Crime Tracker" */;
			buildPhases = (
				8938BDD11FB07DBE00A6D4FB /* Sources */,
				8938BDD21FB07DBE00A6D4FB /* Frameworks */,
				8938BDD31FB07DBE00A6D4FB /* Resources */,
			);
			buildRules = (
			);
			dependencies = (
			);
			name = "Crime Tracker";
			productName = "UI Practice";
			productReference = 8938BDD51FB07DBE00A6D4FB /* Crime Tracker.app */;
			productType = "com.apple.product-type.application";
		};
/* End PBXNativeTarget section */

/* Begin PBXProject section */
		8938BDCD1FB07DBE00A6D4FB /* Project object */ = {
			isa = PBXProject;
			attributes = {
				LastSwiftUpdateCheck = 0900;
				LastUpgradeCheck = 0900;
				ORGANIZATIONNAME = Alphonso;
				TargetAttributes = {
					8938BDD41FB07DBE00A6D4FB = {
						CreatedOnToolsVersion = 9.0;
						ProvisioningStyle = Automatic;
					};
				};
			};
			buildConfigurationList = 8938BDD01FB07DBE00A6D4FB /* Build configuration list for PBXProject "Crime Tracker" */;
			compatibilityVersion = "Xcode 8.0";
			developmentRegion = en;
			hasScannedForEncodings = 0;
			knownRegions = (
				en,
				Base,
			);
			mainGroup = 8938BDCC1FB07DBE00A6D4FB;
			productRefGroup = 8938BDD61FB07DBE00A6D4FB /* Products */;
			projectDirPath = "";
			projectRoot = "";
			targets = (
				8938BDD41FB07DBE00A6D4FB /* Crime Tracker */,
			);
		};
/* End PBXProject section */

/* Begin PBXResourcesBuildPhase section */
		8938BDD31FB07DBE00A6D4FB /* Resources */ = {
			isa = PBXResourcesBuildPhase;
			buildActionMask = 2147483647;
			files = (
				8938BDE31FB07DBE00A6D4FB /* LaunchScreen.storyboard in Resources */,
				8938BDE01FB07DBE00A6D4FB /* Assets.xcassets in Resources */,
				8938BDDE1FB07DBE00A6D4FB /* Main.storyboard in Resources */,
			);
			runOnlyForDeploymentPostprocessing = 0;
		};
/* End PBXResourcesBuildPhase section */

/* Begin PBXSourcesBuildPhase section */
		8938BDD11FB07DBE00A6D4FB /* Sources */ = {
			isa = PBXSourcesBuildPhase;
			buildActionMask = 2147483647;
			files = (
				89B599801FD13874009133B9 /* APIData.swift in Sources */,
				8938BDDB1FB07DBE00A6D4FB /* MainViewController.swift in Sources */,
				896924911FCC2257004A91AC /* CrimeList.swift in Sources */,
				89B599821FD13C61009133B9 /* MenuViewController.swift in Sources */,
				8938BDD91FB07DBE00A6D4FB /* AppDelegate.swift in Sources */,
				896924931FCC22B8004A91AC /* CrimeMap.swift in Sources */,
				896924951FCC22D2004A91AC /* ReportCrime.swift in Sources */,
				89E172CB1FF0C8C900605539 /* Model.swift in Sources */,
				897FD3C71FF19DB4007B6FED /* CrimeInstanceView.swift in Sources */,
			);
			runOnlyForDeploymentPostprocessing = 0;
		};
/* End PBXSourcesBuildPhase section */

/* Begin PBXVariantGroup section */
		8938BDDC1FB07DBE00A6D4FB /* Main.storyboard */ = {
			isa = PBXVariantGroup;
			children = (
				8938BDDD1FB07DBE00A6D4FB /* Base */,
			);
			name = Main.storyboard;
			sourceTree = "<group>";
		};
		8938BDE11FB07DBE00A6D4FB /* LaunchScreen.storyboard */ = {
			isa = PBXVariantGroup;
			children = (
				8938BDE21FB07DBE00A6D4FB /* Base */,
			);
			name = LaunchScreen.storyboard;
			sourceTree = "<group>";
		};
/* End PBXVariantGroup section */

/* Begin XCBuildConfiguration section */
		8938BDE51FB07DBE00A6D4FB /* Debug */ = {
			isa = XCBuildConfiguration;
			buildSettings = {
				ALWAYS_SEARCH_USER_PATHS = NO;
				CLANG_ANALYZER_NONNULL = YES;
				CLANG_ANALYZER_NUMBER_OBJECT_CONVERSION = YES_AGGRESSIVE;
				CLANG_CXX_LANGUAGE_STANDARD = "gnu++14";
				CLANG_CXX_LIBRARY = "libc++";
				CLANG_ENABLE_MODULES = YES;
				CLANG_ENABLE_OBJC_ARC = YES;
				CLANG_WARN_BLOCK_CAPTURE_AUTORELEASING = YES;
				CLANG_WARN_BOOL_CONVERSION = YES;
				CLANG_WARN_COMMA = YES;
				CLANG_WARN_CONSTANT_CONVERSION = YES;
				CLANG_WARN_DIRECT_OBJC_ISA_USAGE = YES_ERROR;
				CLANG_WARN_DOCUMENTATION_COMMENTS = YES;
				CLANG_WARN_EMPTY_BODY = YES;
				CLANG_WARN_ENUM_CONVERSION = YES;
				CLANG_WARN_INFINITE_RECURSION = YES;
				CLANG_WARN_INT_CONVERSION = YES;
				CLANG_WARN_NON_LITERAL_NULL_CONVERSION = YES;
				CLANG_WARN_OBJC_LITERAL_CONVERSION = YES;
				CLANG_WARN_OBJC_ROOT_CLASS = YES_ERROR;
				CLANG_WARN_RANGE_LOOP_ANALYSIS = YES;
				CLANG_WARN_STRICT_PROTOTYPES = YES;
				CLANG_WARN_SUSPICIOUS_MOVE = YES;
				CLANG_WARN_UNGUARDED_AVAILABILITY = YES_AGGRESSIVE;
				CLANG_WARN_UNREACHABLE_CODE = YES;
				CLANG_WARN__DUPLICATE_METHOD_MATCH = YES;
				CODE_SIGN_IDENTITY = "iPhone Developer";
				COPY_PHASE_STRIP = NO;
				DEBUG_INFORMATION_FORMAT = dwarf;
				ENABLE_STRICT_OBJC_MSGSEND = YES;
				ENABLE_TESTABILITY = YES;
				GCC_C_LANGUAGE_STANDARD = gnu11;
				GCC_DYNAMIC_NO_PIC = NO;
				GCC_NO_COMMON_BLOCKS = YES;
				GCC_OPTIMIZATION_LEVEL = 0;
				GCC_PREPROCESSOR_DEFINITIONS = (
					"DEBUG=1",
					"$(inherited)",
				);
				GCC_WARN_64_TO_32_BIT_CONVERSION = YES;
				GCC_WARN_ABOUT_RETURN_TYPE = YES_ERROR;
				GCC_WARN_UNDECLARED_SELECTOR = YES;
				GCC_WARN_UNINITIALIZED_AUTOS = YES_AGGRESSIVE;
				GCC_WARN_UNUSED_FUNCTION = YES;
				GCC_WARN_UNUSED_VARIABLE = YES;
				IPHONEOS_DEPLOYMENT_TARGET = 11.0;
				MTL_ENABLE_DEBUG_INFO = YES;
				ONLY_ACTIVE_ARCH = YES;
				SDKROOT = iphoneos;
				SWIFT_ACTIVE_COMPILATION_CONDITIONS = DEBUG;
				SWIFT_OPTIMIZATION_LEVEL = "-Onone";
			};
			name = Debug;
		};
		8938BDE61FB07DBE00A6D4FB /* Release */ = {
			isa = XCBuildConfiguration;
			buildSettings = {
				ALWAYS_SEARCH_USER_PATHS = NO;
				CLANG_ANALYZER_NONNULL = YES;
				CLANG_ANALYZER_NUMBER_OBJECT_CONVERSION = YES_AGGRESSIVE;
				CLANG_CXX_LANGUAGE_STANDARD = "gnu++14";
				CLANG_CXX_LIBRARY = "libc++";
				CLANG_ENABLE_MODULES = YES;
				CLANG_ENABLE_OBJC_ARC = YES;
				CLANG_WARN_BLOCK_CAPTURE_AUTORELEASING = YES;
				CLANG_WARN_BOOL_CONVERSION = YES;
				CLANG_WARN_COMMA = YES;
				CLANG_WARN_CONSTANT_CONVERSION = YES;
				CLANG_WARN_DIRECT_OBJC_ISA_USAGE = YES_ERROR;
				CLANG_WARN_DOCUMENTATION_COMMENTS = YES;
				CLANG_WARN_EMPTY_BODY = YES;
				CLANG_WARN_ENUM_CONVERSION = YES;
				CLANG_WARN_INFINITE_RECURSION = YES;
				CLANG_WARN_INT_CONVERSION = YES;
				CLANG_WARN_NON_LITERAL_NULL_CONVERSION = YES;
				CLANG_WARN_OBJC_LITERAL_CONVERSION = YES;
				CLANG_WARN_OBJC_ROOT_CLASS = YES_ERROR;
				CLANG_WARN_RANGE_LOOP_ANALYSIS = YES;
				CLANG_WARN_STRICT_PROTOTYPES = YES;
				CLANG_WARN_SUSPICIOUS_MOVE = YES;
				CLANG_WARN_UNGUARDED_AVAILABILITY = YES_AGGRESSIVE;
				CLANG_WARN_UNREACHABLE_CODE = YES;
				CLANG_WARN__DUPLICATE_METHOD_MATCH = YES;
				CODE_SIGN_IDENTITY = "iPhone Developer";
				COPY_PHASE_STRIP = NO;
				DEBUG_INFORMATION_FORMAT = "dwarf-with-dsym";
				ENABLE_NS_ASSERTIONS = NO;
				ENABLE_STRICT_OBJC_MSGSEND = YES;
				GCC_C_LANGUAGE_STANDARD = gnu11;
				GCC_NO_COMMON_BLOCKS = YES;
				GCC_WARN_64_TO_32_BIT_CONVERSION = YES;
				GCC_WARN_ABOUT_RETURN_TYPE = YES_ERROR;
				GCC_WARN_UNDECLARED_SELECTOR = YES;
				GCC_WARN_UNINITIALIZED_AUTOS = YES_AGGRESSIVE;
				GCC_WARN_UNUSED_FUNCTION = YES;
				GCC_WARN_UNUSED_VARIABLE = YES;
				IPHONEOS_DEPLOYMENT_TARGET = 11.0;
				MTL_ENABLE_DEBUG_INFO = NO;
				SDKROOT = iphoneos;
				SWIFT_OPTIMIZATION_LEVEL = "-Owholemodule";
				VALIDATE_PRODUCT = YES;
			};
			name = Release;
		};
		8938BDE81FB07DBE00A6D4FB /* Debug */ = {
			isa = XCBuildConfiguration;
			buildSettings = {
				ASSETCATALOG_COMPILER_APPICON_NAME = AppIcon;
				CODE_SIGN_STYLE = Automatic;
				DEVELOPMENT_TEAM = 6257XTCRBF;
				INFOPLIST_FILE = "UI Practice/Info.plist";
				LD_RUNPATH_SEARCH_PATHS = "$(inherited) @executable_path/Frameworks";
				PRODUCT_BUNDLE_IDENTIFIER = "com.Alphonso-Sensley-II.UI-Practice";
				PRODUCT_NAME = "$(TARGET_NAME)";
				SWIFT_VERSION = 4.0;
				TARGETED_DEVICE_FAMILY = "1,2";
			};
			name = Debug;
		};
		8938BDE91FB07DBE00A6D4FB /* Release */ = {
			isa = XCBuildConfiguration;
			buildSettings = {
				ASSETCATALOG_COMPILER_APPICON_NAME = AppIcon;
				CODE_SIGN_STYLE = Automatic;
				DEVELOPMENT_TEAM = 6257XTCRBF;
				INFOPLIST_FILE = "UI Practice/Info.plist";
				LD_RUNPATH_SEARCH_PATHS = "$(inherited) @executable_path/Frameworks";
				PRODUCT_BUNDLE_IDENTIFIER = "com.Alphonso-Sensley-II.UI-Practice";
				PRODUCT_NAME = "$(TARGET_NAME)";
				SWIFT_VERSION = 4.0;
				TARGETED_DEVICE_FAMILY = "1,2";
			};
			name = Release;
		};
/* End XCBuildConfiguration section */

/* Begin XCConfigurationList section */
		8938BDD01FB07DBE00A6D4FB /* Build configuration list for PBXProject "Crime Tracker" */ = {
			isa = XCConfigurationList;
			buildConfigurations = (
				8938BDE51FB07DBE00A6D4FB /* Debug */,
				8938BDE61FB07DBE00A6D4FB /* Release */,
			);
			defaultConfigurationIsVisible = 0;
			defaultConfigurationName = Release;
		};
		8938BDE71FB07DBE00A6D4FB /* Build configuration list for PBXNativeTarget "Crime Tracker" */ = {
			isa = XCConfigurationList;
			buildConfigurations = (
				8938BDE81FB07DBE00A6D4FB /* Debug */,
				8938BDE91FB07DBE00A6D4FB /* Release */,
			);
			defaultConfigurationIsVisible = 0;
			defaultConfigurationName = Release;
		};
/* End XCConfigurationList section */
	};
	rootObject = 8938BDCD1FB07DBE00A6D4FB /* Project object */;
}
